
Microsoft Visual Studio Solution File, Format Version 12.00
Project("{FAE04EC0-301F-11D3-BF4B-00C04F79EFBC}") = "Portfolio", "Portfolio\Portfolio.csproj", "{2656EBC9-86DF-4384-BB45-01849ABCDDB9}"
EndProject
Project("{FAE04EC0-301F-11D3-BF4B-00C04F79EFBC}") = "Portfolio.UnitTests", "Portfolio.UnitTests\Portfolio.UnitTests.csproj", "{B541F7E4-73C3-46D0-9F60-FFEFBAC6880D}"
EndProject
Global
	GlobalSection(SolutionConfigurationPlatforms) = preSolution
		Debug|Any CPU = Debug|Any CPU
		Release|Any CPU = Release|Any CPU
	EndGlobalSection
	GlobalSection(ProjectConfigurationPlatforms) = postSolution
		{2656EBC9-86DF-4384-BB45-01849ABCDDB9}.Debug|Any CPU.ActiveCfg = Debug|Any CPU
		{2656EBC9-86DF-4384-BB45-01849ABCDDB9}.Debug|Any CPU.Build.0 = Debug|Any CPU
		{2656EBC9-86DF-4384-BB45-01849ABCDDB9}.Release|Any CPU.ActiveCfg = Release|Any CPU
		{2656EBC9-86DF-4384-BB45-01849ABCDDB9}.Release|Any CPU.Build.0 = Release|Any CPU
		{B541F7E4-73C3-46D0-9F60-FFEFBAC6880D}.Debug|Any CPU.ActiveCfg = Debug|Any CPU
		{B541F7E4-73C3-46D0-9F60-FFEFBAC6880D}.Debug|Any CPU.Build.0 = Debug|Any CPU
		{B541F7E4-73C3-46D0-9F60-FFEFBAC6880D}.Release|Any CPU.ActiveCfg = Release|Any CPU
		{B541F7E4-73C3-46D0-9F60-FFEFBAC6880D}.Release|Any CPU.Build.0 = Release|Any CPU
	EndGlobalSection
EndGlobal
